
Microsoft Visual Studio Solution File, Format Version 12.00
# Visual Studio 14
VisualStudioVersion = 14.0.25420.1
MinimumVisualStudioVersion = 10.0.40219.1
Project("{FAE04EC0-301F-11D3-BF4B-00C04F79EFBC}") = "WordCounter", "WordCounter\WordCounter.csproj", "{09E34881-D867-48EC-AD8A-17C7966ED993}"
EndProject
Project("{FAE04EC0-301F-11D3-BF4B-00C04F79EFBC}") = "WordCounterService", "WordCounterService\WordCounterService.csproj", "{07F2530E-0868-488E-8A50-E5368796EE3E}"
EndProject
Project("{FAE04EC0-301F-11D3-BF4B-00C04F79EFBC}") = "WordCounterTests", "WordCounterTests\WordCounterTests.csproj", "{65B10770-A984-44E8-96A8-D43E228742CA}"
EndProject
Global
	GlobalSection(SolutionConfigurationPlatforms) = preSolution
		Debug|Any CPU = Debug|Any CPU
		Release|Any CPU = Release|Any CPU
	EndGlobalSection
	GlobalSection(ProjectConfigurationPlatforms) = postSolution
		{09E34881-D867-48EC-AD8A-17C7966ED993}.Debug|Any CPU.ActiveCfg = Debug|Any CPU
		{09E34881-D867-48EC-AD8A-17C7966ED993}.Debug|Any CPU.Build.0 = Debug|Any CPU
		{09E34881-D867-48EC-AD8A-17C7966ED993}.Release|Any CPU.ActiveCfg = Release|Any CPU
		{09E34881-D867-48EC-AD8A-17C7966ED993}.Release|Any CPU.Build.0 = Release|Any CPU
		{07F2530E-0868-488E-8A50-E5368796EE3E}.Debug|Any CPU.ActiveCfg = Debug|Any CPU
		{07F2530E-0868-488E-8A50-E5368796EE3E}.Debug|Any CPU.Build.0 = Debug|Any CPU
		{07F2530E-0868-488E-8A50-E5368796EE3E}.Release|Any CPU.ActiveCfg = Release|Any CPU
		{07F2530E-0868-488E-8A50-E5368796EE3E}.Release|Any CPU.Build.0 = Release|Any CPU
		{65B10770-A984-44E8-96A8-D43E228742CA}.Debug|Any CPU.ActiveCfg = Debug|Any CPU
		{65B10770-A984-44E8-96A8-D43E228742CA}.Debug|Any CPU.Build.0 = Debug|Any CPU
		{65B10770-A984-44E8-96A8-D43E228742CA}.Release|Any CPU.ActiveCfg = Release|Any CPU
		{65B10770-A984-44E8-96A8-D43E228742CA}.Release|Any CPU.Build.0 = Release|Any CPU
	EndGlobalSection
	GlobalSection(SolutionProperties) = preSolution
		HideSolutionNode = FALSE
	EndGlobalSection
EndGlobal
